<Solution>
  <Folder Name="/Config/">
    <File Path="ikon-config.toml" />
  </Folder>
  <Folder Name="/App/">
    <Project Path="app/Ikon.App.MyProject/Ikon.App.MyProject.csproj" />
  </Folder>
  <Folder Name="/Frontend/">
    <Project Path="frontend-node/Ikon.App.MyProject.Frontend.Node.csproj" />
  </Folder>
</Solution>
